
Microsoft Visual Studio Solution File, Format Version 12.00
# Visual Studio Version 17
VisualStudioVersion = 17.14.36202.13 d17.14
MinimumVisualStudioVersion = 10.0.40219.1
Project("{FAE04EC0-301F-11D3-BF4B-00C04F79EFBC}") = "Week2COM25A1", "Week2COM25A1\Week2COM25A1.csproj", "{A69EDEBE-A528-4942-A389-500A67CC1CE2}"
EndProject
Global
	GlobalSection(SolutionConfigurationPlatforms) = preSolution
		Debug|Any CPU = Debug|Any CPU
		Release|Any CPU = Release|Any CPU
	EndGlobalSection
	GlobalSection(ProjectConfigurationPlatforms) = postSolution
		{A69EDEBE-A528-4942-A389-500A67CC1CE2}.Debug|Any CPU.ActiveCfg = Debug|Any CPU
		{A69EDEBE-A528-4942-A389-500A67CC1CE2}.Debug|Any CPU.Build.0 = Debug|Any CPU
		{A69EDEBE-A528-4942-A389-500A67CC1CE2}.Release|Any CPU.ActiveCfg = Release|Any CPU
		{A69EDEBE-A528-4942-A389-500A67CC1CE2}.Release|Any CPU.Build.0 = Release|Any CPU
	EndGlobalSection
	GlobalSection(SolutionProperties) = preSolution
		HideSolutionNode = FALSE
	EndGlobalSection
	GlobalSection(ExtensibilityGlobals) = postSolution
		SolutionGuid = {A37E17A4-6D29-4A7F-93F6-258F2B63DE33}
	EndGlobalSection
EndGlobal
